// !$*UTF8*$!
{
	archiveVersion = 1;
	classes = {
	};
	objectVersion = 77;
	objects = {

/* Begin PBXBuildFile section */
		E13528112F9D4BA600765D94 /* Accelerate.framework in Frameworks */ = {isa = PBXBuildFile; fileRef = E13528102F9D4BA600765D94 /* Accelerate.framework */; };
		E13528132F9D521C00765D94 /* ZeticMLange in Frameworks */ = {isa = PBXBuildFile; productRef = E13528122F9D521C00765D94 /* ZeticMLange */; };
/* End PBXBuildFile section */

/* Begin PBXContainerItemProxy section */
		E135270D2F9CA9D700765D94 /* PBXContainerItemProxy */ = {
			isa = PBXContainerItemProxy;
			containerPortal = E13526F42F9CA9D600765D94 /* Project object */;
			proxyType = 1;
			remoteGlobalIDString = E13526FB2F9CA9D600765D94;
			remoteInfo = medimask;
		};
		E13527172F9CA9D700765D94 /* PBXContainerItemProxy */ = {
			isa = PBXContainerItemProxy;
			containerPortal = E13526F42F9CA9D600765D94 /* Project object */;
			proxyType = 1;
			remoteGlobalIDString = E13526FB2F9CA9D600765D94;
			remoteInfo = medimask;
		};
/* End PBXContainerItemProxy section */

/* Begin PBXFileReference section */
		E13526FC2F9CA9D600765D94 /* medimask.app */ = {isa = PBXFileReference; explicitFileType = wrapper.application; includeInIndex = 0; path = medimask.app; sourceTree = BUILT_PRODUCTS_DIR; };
		E135270C2F9CA9D700765D94 /* medimaskTests.xctest */ = {isa = PBXFileReference; explicitFileType = wrapper.cfbundle; includeInIndex = 0; path = medimaskTests.xctest; sourceTree = BUILT_PRODUCTS_DIR; };
		E13527162F9CA9D700765D94 /* medimaskUITests.xctest */ = {isa = PBXFileReference; explicitFileType = wrapper.cfbundle; includeInIndex = 0; path = medimaskUITests.xctest; sourceTree = BUILT_PRODUCTS_DIR; };
		E13528102F9D4BA600765D94 /* Accelerate.framework */ = {isa = PBXFileReference; lastKnownFileType = wrapper.framework; name = Accelerate.framework; path = System/Library/Frameworks/Accelerate.framework; sourceTree = SDKROOT; };
/* End PBXFileReference section */

/* Begin PBXFileSystemSynchronizedRootGroup section */
		E13526FE2F9CA9D600765D94 /* medimask */ = {
			isa = PBXFileSystemSynchronizedRootGroup;
			path = medimask;
			sourceTree = "<group>";
		};
		E135270F2F9CA9D700765D94 /* medimaskTests */ = {
			isa = PBXFileSystemSynchronizedRootGroup;
			path = medimaskTests;
			sourceTree = "<group>";
		};
		E13527192F9CA9D700765D94 /* medimaskUITests */ = {
			isa = PBXFileSystemSynchronizedRootGroup;
			path = medimaskUITests;
			sourceTree = "<group>";
		};
/* End PBXFileSystemSynchronizedRootGroup section */

/* Begin PBXFrameworksBuildPhase section */
		E13526F92F9CA9D600765D94 /* Frameworks */ = {
			isa = PBXFrameworksBuildPhase;
			buildActionMask = 2147483647;
			files = (
				E13528132F9D521C00765D94 /* ZeticMLange in Frameworks */,
				E13528112F9D4BA600765D94 /* Accelerate.framework in Frameworks */,
			);
			runOnlyForDeploymentPostprocessing = 0;
		};
		E13527092F9CA9D700765D94 /* Frameworks */ = {
			isa = PBXFrameworksBuildPhase;
			buildActionMask = 2147483647;
			files = (
			);
			runOnlyForDeploymentPostprocessing = 0;
		};
		E13527132F9CA9D700765D94 /* Frameworks */ = {
			isa = PBXFrameworksBuildPhase;
			buildActionMask = 2147483647;
			files = (
			);
			runOnlyForDeploymentPostprocessing = 0;
		};
/* End PBXFrameworksBuildPhase section */

/* Begin PBXGroup section */
		E13526F32F9CA9D600765D94 = {
			isa = PBXGroup;
			children = (
				E13526FE2F9CA9D600765D94 /* medimask */,
				E135270F2F9CA9D700765D94 /* medimaskTests */,
				E13527192F9CA9D700765D94 /* medimaskUITests */,
				E135280F2F9D4BA600765D94 /* Frameworks */,
				E13526FD2F9CA9D600765D94 /* Products */,
			);
			sourceTree = "<group>";
		};
		E13526FD2F9CA9D600765D94 /* Products */ = {
			isa = PBXGroup;
			children = (
				E13526FC2F9CA9D600765D94 /* medimask.app */,
				E135270C2F9CA9D700765D94 /* medimaskTests.xctest */,
				E13527162F9CA9D700765D94 /* medimaskUITests.xctest */,
			);
			name = Products;
			sourceTree = "<group>";
		};
		E135280F2F9D4BA600765D94 /* Frameworks */ = {
			isa = PBXGroup;
			children = (
				E13528102F9D4BA600765D94 /* Accelerate.framework */,
			);
			name = Frameworks;
			sourceTree = "<group>";
		};
/* End PBXGroup section */

/* Begin PBXNativeTarget section */
		E13526FB2F9CA9D600765D94 /* medimask */ = {
			isa = PBXNativeTarget;
			buildConfigurationList = E13527202F9CA9D700765D94 /* Build configuration list for PBXNativeTarget "medimask" */;
			buildPhases = (
				E13526F82F9CA9D600765D94 /* Sources */,
				E13526F92F9CA9D600765D94 /* Frameworks */,
				E13526FA2F9CA9D600765D94 /* Resources */,
			);
			buildRules = (
			);
			dependencies = (
			);
			fileSystemSynchronizedGroups = (
				E13526FE2F9CA9D600765D94 /* medimask */,
			);
			name = medimask;
			packageProductDependencies = (
				E13528122F9D521C00765D94 /* ZeticMLange */,
			);
			productName = medimask;
			productReference = E13526FC2F9CA9D600765D94 /* medimask.app */;
			productType = "com.apple.product-type.application";
		};
		E135270B2F9CA9D700765D94 /* medimaskTests */ = {
			isa = PBXNativeTarget;
			buildConfigurationList = E13527232F9CA9D700765D94 /* Build configuration list for PBXNativeTarget "medimaskTests" */;
			buildPhases = (
				E13527082F9CA9D700765D94 /* Sources */,
				E13527092F9CA9D700765D94 /* Frameworks */,
				E135270A2F9CA9D700765D94 /* Resources */,
			);
			buildRules = (
			);
			dependencies = (
				E135270E2F9CA9D700765D94 /* PBXTargetDependency */,
			);
			fileSystemSynchronizedGroups = (
				E135270F2F9CA9D700765D94 /* medimaskTests */,
			);
			name = medimaskTests;
			packageProductDependencies = (
			);
			productName = medimaskTests;
			productReference = E135270C2F9CA9D700765D94 /* medimaskTests.xctest */;
			productType = "com.apple.product-type.bundle.unit-test";
		};
		E13527152F9CA9D700765D94 /* medimaskUITests */ = {
			isa = PBXNativeTarget;
			buildConfigurationList = E13527262F9CA9D700765D94 /* Build configuration list for PBXNativeTarget "medimaskUITests" */;
			buildPhases = (
				E13527122F9CA9D700765D94 /* Sources */,
				E13527132F9CA9D700765D94 /* Frameworks */,
				E13527142F9CA9D700765D94 /* Resources */,
			);
			buildRules = (
			);
			dependencies = (
				E13527182F9CA9D700765D94 /* PBXTargetDependency */,
			);
			fileSystemSynchronizedGroups = (
				E13527192F9CA9D700765D94 /* medimaskUITests */,
			);
			name = medimaskUITests;
			packageProductDependencies = (
			);
			productName = medimaskUITests;
			productReference = E13527162F9CA9D700765D94 /* medimaskUITests.xctest */;
			productType = "com.apple.product-type.bundle.ui-testing";
		};
/* End PBXNativeTarget section */

/* Begin PBXProject section */
		E13526F42F9CA9D600765D94 /* Project object */ = {
			isa = PBXProject;
			attributes = {
				BuildIndependentTargetsInParallel = 1;
				LastSwiftUpdateCheck = 1600;
				LastUpgradeCheck = 1600;
				TargetAttributes = {
					E13526FB2F9CA9D600765D94 = {
						CreatedOnToolsVersion = 16.0;
					};
					E135270B2F9CA9D700765D94 = {
						CreatedOnToolsVersion = 16.0;
						TestTargetID = E13526FB2F9CA9D600765D94;
					};
					E13527152F9CA9D700765D94 = {
						CreatedOnToolsVersion = 16.0;
						TestTargetID = E13526FB2F9CA9D600765D94;
					};
				};
			};
			buildConfigurationList = E13526F72F9CA9D600765D94 /* Build configuration list for PBXProject "medimask" */;
			developmentRegion = en;
			hasScannedForEncodings = 0;
			knownRegions = (
				en,
				Base,
			);
			mainGroup = E13526F32F9CA9D600765D94;
			minimizedProjectReferenceProxies = 1;
			packageReferences = (
				E135280E2F9D4B4A00765D94 /* XCRemoteSwiftPackageReference "ZeticMLangeiOS" */,
			);
			preferredProjectObjectVersion = 77;
			productRefGroup = E13526FD2F9CA9D600765D94 /* Products */;
			projectDirPath = "";
			projectRoot = "";
			targets = (
				E13526FB2F9CA9D600765D94 /* medimask */,
				E135270B2F9CA9D700765D94 /* medimaskTests */,
				E13527152F9CA9D700765D94 /* medimaskUITests */,
			);
		};
/* End PBXProject section */

/* Begin PBXResourcesBuildPhase section */
		E13526FA2F9CA9D600765D94 /* Resources */ = {
			isa = PBXResourcesBuildPhase;
			buildActionMask = 2147483647;
			files = (
			);
			runOnlyForDeploymentPostprocessing = 0;
		};
		E135270A2F9CA9D700765D94 /* Resources */ = {
			isa = PBXResourcesBuildPhase;
			buildActionMask = 2147483647;
			files = (
			);
			runOnlyForDeploymentPostprocessing = 0;
		};
		E13527142F9CA9D700765D94 /* Resources */ = {
			isa = PBXResourcesBuildPhase;
			buildActionMask = 2147483647;
			files = (
			);
			runOnlyForDeploymentPostprocessing = 0;
		};
/* End PBXResourcesBuildPhase section */

/* Begin PBXSourcesBuildPhase section */
		E13526F82F9CA9D600765D94 /* Sources */ = {
			isa = PBXSourcesBuildPhase;
			buildActionMask = 2147483647;
			files = (
			);
			runOnlyForDeploymentPostprocessing = 0;
		};
		E13527082F9CA9D700765D94 /* Sources */ = {
			isa = PBXSourcesBuildPhase;
			buildActionMask = 2147483647;
			files = (
			);
			runOnlyForDeploymentPostprocessing = 0;
		};
		E13527122F9CA9D700765D94 /* Sources */ = {
			isa = PBXSourcesBuildPhase;
			buildActionMask = 2147483647;
			files = (
			);
			runOnlyForDeploymentPostprocessing = 0;
		};
/* End PBXSourcesBuildPhase section */

/* Begin PBXTargetDependency section */
		E135270E2F9CA9D700765D94 /* PBXTargetDependency */ = {
			isa = PBXTargetDependency;
			target = E13526FB2F9CA9D600765D94 /* medimask */;
			targetProxy = E135270D2F9CA9D700765D94 /* PBXContainerItemProxy */;
		};
		E13527182F9CA9D700765D94 /* PBXTargetDependency */ = {
			isa = PBXTargetDependency;
			target = E13526FB2F9CA9D600765D94 /* medimask */;
			targetProxy = E13527172F9CA9D700765D94 /* PBXContainerItemProxy */;
		};
/* End PBXTargetDependency section */

/* Begin XCBuildConfiguration section */
		E135271E2F9CA9D700765D94 /* Debug */ = {
			isa = XCBuildConfiguration;
			buildSettings = {
				ALWAYS_SEARCH_USER_PATHS = NO;
				ASSETCATALOG_COMPILER_GENERATE_SWIFT_ASSET_SYMBOL_EXTENSIONS = YES;
				CLANG_ANALYZER_NONNULL = YES;
				CLANG_ANALYZER_NUMBER_OBJECT_CONVERSION = YES_AGGRESSIVE;
				CLANG_CXX_LANGUAGE_STANDARD = "gnu++20";
				CLANG_ENABLE_MODULES = YES;
				CLANG_ENABLE_OBJC_ARC = YES;
				CLANG_ENABLE_OBJC_WEAK = YES;
				CLANG_WARN_BLOCK_CAPTURE_AUTORELEASING = YES;
				CLANG_WARN_BOOL_CONVERSION = YES;
				CLANG_WARN_COMMA = YES;
				CLANG_WARN_CONSTANT_CONVERSION = YES;
				CLANG_WARN_DEPRECATED_OBJC_IMPLEMENTATIONS = YES;
				CLANG_WARN_DIRECT_OBJC_ISA_USAGE = YES_ERROR;
				CLANG_WARN_DOCUMENTATION_COMMENTS = YES;
				CLANG_WARN_EMPTY_BODY = YES;
				CLANG_WARN_ENUM_CONVERSION = YES;
				CLANG_WARN_INFINITE_RECURSION = YES;
				CLANG_WARN_INT_CONVERSION = YES;
				CLANG_WARN_NON_LITERAL_NULL_CONVERSION = YES;
				CLANG_WARN_OBJC_IMPLICIT_RETAIN_SELF = YES;
				CLANG_WARN_OBJC_LITERAL_CONVERSION = YES;
				CLANG_WARN_OBJC_ROOT_CLASS = YES_ERROR;
				CLANG_WARN_QUOTED_INCLUDE_IN_FRAMEWORK_HEADER = YES;
				CLANG_WARN_RANGE_LOOP_ANALYSIS = YES;
				CLANG_WARN_STRICT_PROTOTYPES = YES;
				CLANG_WARN_SUSPICIOUS_MOVE = YES;
				CLANG_WARN_UNGUARDED_AVAILABILITY = YES_AGGRESSIVE;
				CLANG_WARN_UNREACHABLE_CODE = YES;
				CLANG_WARN__DUPLICATE_METHOD_MATCH = YES;
				COPY_PHASE_STRIP = NO;
				DEBUG_INFORMATION_FORMAT = dwarf;
				ENABLE_STRICT_OBJC_MSGSEND = YES;
				ENABLE_TESTABILITY = YES;
				ENABLE_USER_SCRIPT_SANDBOXING = YES;
				GCC_C_LANGUAGE_STANDARD = gnu17;
				GCC_DYNAMIC_NO_PIC = NO;
				GCC_NO_COMMON_BLOCKS = YES;
				GCC_OPTIMIZATION_LEVEL = 0;
				GCC_PREPROCESSOR_DEFINITIONS = (
					"DEBUG=1",
					"$(inherited)",
				);
				GCC_WARN_64_TO_32_BIT_CONVERSION = YES;
				GCC_WARN_ABOUT_RETURN_TYPE = YES_ERROR;
				GCC_WARN_UNDECLARED_SELECTOR = YES;
				GCC_WARN_UNINITIALIZED_AUTOS = YES_AGGRESSIVE;
				GCC_WARN_UNUSED_FUNCTION = YES;
				GCC_WARN_UNUSED_VARIABLE = YES;
				IPHONEOS_DEPLOYMENT_TARGET = 18.0;
				LOCALIZATION_PREFERS_STRING_CATALOGS = YES;
				MTL_ENABLE_DEBUG_INFO = INCLUDE_SOURCE;
				MTL_FAST_MATH = YES;
				ONLY_ACTIVE_ARCH = YES;
				SDKROOT = iphoneos;
				SWIFT_ACTIVE_COMPILATION_CONDITIONS = "DEBUG $(inherited)";
				SWIFT_OPTIMIZATION_LEVEL = "-Onone";
			};
			name = Debug;
		};
		E135271F2F9CA9D700765D94 /* Release */ = {
			isa = XCBuildConfiguration;
			buildSettings = {
				ALWAYS_SEARCH_USER_PATHS = NO;
				ASSETCATALOG_COMPILER_GENERATE_SWIFT_ASSET_SYMBOL_EXTENSIONS = YES;
				CLANG_ANALYZER_NONNULL = YES;
				CLANG_ANALYZER_NUMBER_OBJECT_CONVERSION = YES_AGGRESSIVE;
				CLANG_CXX_LANGUAGE_STANDARD = "gnu++20";
				CLANG_ENABLE_MODULES = YES;
				CLANG_ENABLE_OBJC_ARC = YES;
				CLANG_ENABLE_OBJC_WEAK = YES;
				CLANG_WARN_BLOCK_CAPTURE_AUTORELEASING = YES;
				CLANG_WARN_BOOL_CONVERSION = YES;
				CLANG_WARN_COMMA = YES;
				CLANG_WARN_CONSTANT_CONVERSION = YES;
				CLANG_WARN_DEPRECATED_OBJC_IMPLEMENTATIONS = YES;
				CLANG_WARN_DIRECT_OBJC_ISA_USAGE = YES_ERROR;
				CLANG_WARN_DOCUMENTATION_COMMENTS = YES;
				CLANG_WARN_EMPTY_BODY = YES;
				CLANG_WARN_ENUM_CONVERSION = YES;
				CLANG_WARN_INFINITE_RECURSION = YES;
				CLANG_WARN_INT_CONVERSION = YES;
				CLANG_WARN_NON_LITERAL_NULL_CONVERSION = YES;
				CLANG_WARN_OBJC_IMPLICIT_RETAIN_SELF = YES;
				CLANG_WARN_OBJC_LITERAL_CONVERSION = YES;
				CLANG_WARN_OBJC_ROOT_CLASS = YES_ERROR;
				CLANG_WARN_QUOTED_INCLUDE_IN_FRAMEWORK_HEADER = YES;
				CLANG_WARN_RANGE_LOOP_ANALYSIS = YES;
				CLANG_WARN_STRICT_PROTOTYPES = YES;
				CLANG_WARN_SUSPICIOUS_MOVE = YES;
				CLANG_WARN_UNGUARDED_AVAILABILITY = YES_AGGRESSIVE;
				CLANG_WARN_UNREACHABLE_CODE = YES;
				CLANG_WARN__DUPLICATE_METHOD_MATCH = YES;
				COPY_PHASE_STRIP = NO;
				DEBUG_INFORMATION_FORMAT = "dwarf-with-dsym";
				ENABLE_NS_ASSERTIONS = NO;
				ENABLE_STRICT_OBJC_MSGSEND = YES;
				ENABLE_USER_SCRIPT_SANDBOXING = YES;
				GCC_C_LANGUAGE_STANDARD = gnu17;
				GCC_NO_COMMON_BLOCKS = YES;
				GCC_WARN_64_TO_32_BIT_CONVERSION = YES;
				GCC_WARN_ABOUT_RETURN_TYPE = YES_ERROR;
				GCC_WARN_UNDECLARED_SELECTOR = YES;
				GCC_WARN_UNINITIALIZED_AUTOS = YES_AGGRESSIVE;
				GCC_WARN_UNUSED_FUNCTION = YES;
				GCC_WARN_UNUSED_VARIABLE = YES;
				IPHONEOS_DEPLOYMENT_TARGET = 18.0;
				LOCALIZATION_PREFERS_STRING_CATALOGS = YES;
				MTL_ENABLE_DEBUG_INFO = NO;
				MTL_FAST_MATH = YES;
				SDKROOT = iphoneos;
				SWIFT_COMPILATION_MODE = wholemodule;
				VALIDATE_PRODUCT = YES;
			};
			name = Release;
		};
		E13527212F9CA9D700765D94 /* Debug */ = {
			isa = XCBuildConfiguration;
			buildSettings = {
				ASSETCATALOG_COMPILER_APPICON_NAME = AppIcon;
				ASSETCATALOG_COMPILER_GLOBAL_ACCENT_COLOR_NAME = AccentColor;
				CODE_SIGN_STYLE = Automatic;
				CURRENT_PROJECT_VERSION = 1;
				DEVELOPMENT_ASSET_PATHS = "\"medimask/Preview Content\"";
				DEVELOPMENT_TEAM = KR4TBUUW5R;
				ENABLE_PREVIEWS = YES;
				GENERATE_INFOPLIST_FILE = YES;
				INFOPLIST_KEY_MelangeFaceModelName = "google/MediaPipe-Face-Detection";
				INFOPLIST_KEY_MelangeFaceModelVersion = "";
				INFOPLIST_KEY_MelangePersonalKey = ztp_7c8dae5533ee422db0e42d8b52337741;
				INFOPLIST_KEY_NSCameraUsageDescription = "MediMask uses the camera to capture healthcare-related photos for local PHI redaction.";
				INFOPLIST_KEY_NSPhotoLibraryAddUsageDescription = "MediMask can save scrubbed photos back to your library.";
				INFOPLIST_KEY_NSPhotoLibraryUsageDescription = "MediMask imports photos so it can detect and redact sensitive health information locally.";
				INFOPLIST_KEY_UIApplicationSceneManifest_Generation = YES;
				INFOPLIST_KEY_UIApplicationSupportsIndirectInputEvents = YES;
				INFOPLIST_KEY_UILaunchScreen_Generation = YES;
				INFOPLIST_KEY_UISupportedInterfaceOrientations_iPad = "UIInterfaceOrientationPortrait UIInterfaceOrientationPortraitUpsideDown UIInterfaceOrientationLandscapeLeft UIInterfaceOrientationLandscapeRight";
				INFOPLIST_KEY_UISupportedInterfaceOrientations_iPhone = "UIInterfaceOrientationPortrait UIInterfaceOrientationLandscapeLeft UIInterfaceOrientationLandscapeRight";
				LD_RUNPATH_SEARCH_PATHS = (
					"$(inherited)",
					"@executable_path/Frameworks",
				);
				MARKETING_VERSION = 1.0;
				PRODUCT_BUNDLE_IDENTIFIER = UCLA.leosun.medimask;
				PRODUCT_NAME = "$(TARGET_NAME)";
				SWIFT_EMIT_LOC_STRINGS = YES;
				SWIFT_VERSION = 5.0;
				TARGETED_DEVICE_FAMILY = "1,2";
			};
			name = Debug;
		};
		E13527222F9CA9D700765D94 /* Release */ = {
			isa = XCBuildConfiguration;
			buildSettings = {
				ASSETCATALOG_COMPILER_APPICON_NAME = AppIcon;
				ASSETCATALOG_COMPILER_GLOBAL_ACCENT_COLOR_NAME = AccentColor;
				CODE_SIGN_STYLE = Automatic;
				CURRENT_PROJECT_VERSION = 1;
				DEVELOPMENT_ASSET_PATHS = "\"medimask/Preview Content\"";
				DEVELOPMENT_TEAM = KR4TBUUW5R;
				ENABLE_PREVIEWS = YES;
				GENERATE_INFOPLIST_FILE = YES;
				INFOPLIST_KEY_MelangeFaceModelName = "google/MediaPipe-Face-Detection";
				INFOPLIST_KEY_MelangeFaceModelVersion = "";
				INFOPLIST_KEY_MelangePersonalKey = ztp_7c8dae5533ee422db0e42d8b52337741;
				INFOPLIST_KEY_NSCameraUsageDescription = "MediMask uses the camera to capture healthcare-related photos for local PHI redaction.";
				INFOPLIST_KEY_NSPhotoLibraryAddUsageDescription = "MediMask can save scrubbed photos back to your library.";
				INFOPLIST_KEY_NSPhotoLibraryUsageDescription = "MediMask imports photos so it can detect and redact sensitive health information locally.";
				INFOPLIST_KEY_UIApplicationSceneManifest_Generation = YES;
				INFOPLIST_KEY_UIApplicationSupportsIndirectInputEvents = YES;
				INFOPLIST_KEY_UILaunchScreen_Generation = YES;
				INFOPLIST_KEY_UISupportedInterfaceOrientations_iPad = "UIInterfaceOrientationPortrait UIInterfaceOrientationPortraitUpsideDown UIInterfaceOrientationLandscapeLeft UIInterfaceOrientationLandscapeRight";
				INFOPLIST_KEY_UISupportedInterfaceOrientations_iPhone = "UIInterfaceOrientationPortrait UIInterfaceOrientationLandscapeLeft UIInterfaceOrientationLandscapeRight";
				LD_RUNPATH_SEARCH_PATHS = (
					"$(inherited)",
					"@executable_path/Frameworks",
				);
				MARKETING_VERSION = 1.0;
				PRODUCT_BUNDLE_IDENTIFIER = UCLA.leosun.medimask;
				PRODUCT_NAME = "$(TARGET_NAME)";
				SWIFT_EMIT_LOC_STRINGS = YES;
				SWIFT_VERSION = 5.0;
				TARGETED_DEVICE_FAMILY = "1,2";
			};
			name = Release;
		};
		E13527242F9CA9D700765D94 /* Debug */ = {
			isa = XCBuildConfiguration;
			buildSettings = {
				BUNDLE_LOADER = "$(TEST_HOST)";
				CODE_SIGN_STYLE = Automatic;
				CURRENT_PROJECT_VERSION = 1;
				GENERATE_INFOPLIST_FILE = YES;
				IPHONEOS_DEPLOYMENT_TARGET = 18.0;
				MARKETING_VERSION = 1.0;
				PRODUCT_BUNDLE_IDENTIFIER = UCLA.medimaskTests;
				PRODUCT_NAME = "$(TARGET_NAME)";
				SWIFT_EMIT_LOC_STRINGS = NO;
				SWIFT_VERSION = 5.0;
				TARGETED_DEVICE_FAMILY = "1,2";
				TEST_HOST = "$(BUILT_PRODUCTS_DIR)/medimask.app/$(BUNDLE_EXECUTABLE_FOLDER_PATH)/medimask";
			};
			name = Debug;
		};
		E13527252F9CA9D700765D94 /* Release */ = {
			isa = XCBuildConfiguration;
			buildSettings = {
				BUNDLE_LOADER = "$(TEST_HOST)";
				CODE_SIGN_STYLE = Automatic;
				CURRENT_PROJECT_VERSION = 1;
				GENERATE_INFOPLIST_FILE = YES;
				IPHONEOS_DEPLOYMENT_TARGET = 18.0;
				MARKETING_VERSION = 1.0;
				PRODUCT_BUNDLE_IDENTIFIER = UCLA.medimaskTests;
				PRODUCT_NAME = "$(TARGET_NAME)";
				SWIFT_EMIT_LOC_STRINGS = NO;
				SWIFT_VERSION = 5.0;
				TARGETED_DEVICE_FAMILY = "1,2";
				TEST_HOST = "$(BUILT_PRODUCTS_DIR)/medimask.app/$(BUNDLE_EXECUTABLE_FOLDER_PATH)/medimask";
			};
			name = Release;
		};
		E13527272F9CA9D700765D94 /* Debug */ = {
			isa = XCBuildConfiguration;
			buildSettings = {
				CODE_SIGN_STYLE = Automatic;
				CURRENT_PROJECT_VERSION = 1;
				GENERATE_INFOPLIST_FILE = YES;
				MARKETING_VERSION = 1.0;
				PRODUCT_BUNDLE_IDENTIFIER = UCLA.medimaskUITests;
				PRODUCT_NAME = "$(TARGET_NAME)";
				SWIFT_EMIT_LOC_STRINGS = NO;
				SWIFT_VERSION = 5.0;
				TARGETED_DEVICE_FAMILY = "1,2";
				TEST_TARGET_NAME = medimask;
			};
			name = Debug;
		};
		E13527282F9CA9D700765D94 /* Release */ = {
			isa = XCBuildConfiguration;
			buildSettings = {
				CODE_SIGN_STYLE = Automatic;
				CURRENT_PROJECT_VERSION = 1;
				GENERATE_INFOPLIST_FILE = YES;
				MARKETING_VERSION = 1.0;
				PRODUCT_BUNDLE_IDENTIFIER = UCLA.medimaskUITests;
				PRODUCT_NAME = "$(TARGET_NAME)";
				SWIFT_EMIT_LOC_STRINGS = NO;
				SWIFT_VERSION = 5.0;
				TARGETED_DEVICE_FAMILY = "1,2";
				TEST_TARGET_NAME = medimask;
			};
			name = Release;
		};
/* End XCBuildConfiguration section */

/* Begin XCConfigurationList section */
		E13526F72F9CA9D600765D94 /* Build configuration list for PBXProject "medimask" */ = {
			isa = XCConfigurationList;
			buildConfigurations = (
				E135271E2F9CA9D700765D94 /* Debug */,
				E135271F2F9CA9D700765D94 /* Release */,
			);
			defaultConfigurationIsVisible = 0;
			defaultConfigurationName = Release;
		};
		E13527202F9CA9D700765D94 /* Build configuration list for PBXNativeTarget "medimask" */ = {
			isa = XCConfigurationList;
			buildConfigurations = (
				E13527212F9CA9D700765D94 /* Debug */,
				E13527222F9CA9D700765D94 /* Release */,
			);
			defaultConfigurationIsVisible = 0;
			defaultConfigurationName = Release;
		};
		E13527232F9CA9D700765D94 /* Build configuration list for PBXNativeTarget "medimaskTests" */ = {
			isa = XCConfigurationList;
			buildConfigurations = (
				E13527242F9CA9D700765D94 /* Debug */,
				E13527252F9CA9D700765D94 /* Release */,
			);
			defaultConfigurationIsVisible = 0;
			defaultConfigurationName = Release;
		};
		E13527262F9CA9D700765D94 /* Build configuration list for PBXNativeTarget "medimaskUITests" */ = {
			isa = XCConfigurationList;
			buildConfigurations = (
				E13527272F9CA9D700765D94 /* Debug */,
				E13527282F9CA9D700765D94 /* Release */,
			);
			defaultConfigurationIsVisible = 0;
			defaultConfigurationName = Release;
		};
/* End XCConfigurationList section */

/* Begin XCRemoteSwiftPackageReference section */
		E135280E2F9D4B4A00765D94 /* XCRemoteSwiftPackageReference "ZeticMLangeiOS" */ = {
			isa = XCRemoteSwiftPackageReference;
			repositoryURL = "https://github.com/zetic-ai/ZeticMLangeiOS";
			requirement = {
				kind = upToNextMajorVersion;
				minimumVersion = 1.6.0;
			};
		};
/* End XCRemoteSwiftPackageReference section */

/* Begin XCSwiftPackageProductDependency section */
		E13528122F9D521C00765D94 /* ZeticMLange */ = {
			isa = XCSwiftPackageProductDependency;
			package = E135280E2F9D4B4A00765D94 /* XCRemoteSwiftPackageReference "ZeticMLangeiOS" */;
			productName = ZeticMLange;
		};
/* End XCSwiftPackageProductDependency section */
	};
	rootObject = E13526F42F9CA9D600765D94 /* Project object */;
}
